
Microsoft Visual Studio Solution File, Format Version 12.00
# Visual Studio Version 17
VisualStudioVersion = 17.7.34018.315
MinimumVisualStudioVersion = 10.0.40219.1
Project("{8BC9CEB8-8B4A-11D0-8D11-00A0C91BC942}") = "MT3_02_00", "MT3_02_00.vcxproj", "{8B22C69E-DAF8-44B4-80FA-ED906AE3AB44}"
EndProject
Global
	GlobalSection(SolutionConfigurationPlatforms) = preSolution
		Debug|x64 = Debug|x64
		Release|x64 = Release|x64
	EndGlobalSection
	GlobalSection(ProjectConfigurationPlatforms) = postSolution
		{8B22C69E-DAF8-44B4-80FA-ED906AE3AB44}.Debug|x64.ActiveCfg = Debug|x64
		{8B22C69E-DAF8-44B4-80FA-ED906AE3AB44}.Debug|x64.Build.0 = Debug|x64
		{8B22C69E-DAF8-44B4-80FA-ED906AE3AB44}.Release|x64.ActiveCfg = Release|x64
		{8B22C69E-DAF8-44B4-80FA-ED906AE3AB44}.Release|x64.Build.0 = Release|x64
	EndGlobalSection
	GlobalSection(SolutionProperties) = preSolution
		HideSolutionNode = FALSE
	EndGlobalSection
	GlobalSection(ExtensibilityGlobals) = postSolution
		SolutionGuid = {7C0259C8-4C8F-4C9A-BBC0-78364E2ED9A7}
	EndGlobalSection
EndGlobal
